// !$*UTF8*$!
{
	archiveVersion = 1;
	classes = {
	};
	objectVersion = 48;
	objects = {

/* Begin PBXBuildFile section */
		2C4F34B21FDDE6A800DB82DA /* BaseTracker.swift in Sources */ = {isa = PBXBuildFile; fileRef = 2C4F34AC1FDDE6A600DB82DA /* BaseTracker.swift */; };
		2C4F34B31FDDE6A800DB82DA /* Holders.swift in Sources */ = {isa = PBXBuildFile; fileRef = 2C4F34AD1FDDE6A600DB82DA /* Holders.swift */; };
		2C4F34B41FDDE6A800DB82DA /* Meter.swift in Sources */ = {isa = PBXBuildFile; fileRef = 2C4F34AE1FDDE6A700DB82DA /* Meter.swift */; };
		2C4F34B51FDDE6A800DB82DA /* DecibelManager.swift in Sources */ = {isa = PBXBuildFile; fileRef = 2C4F34AF1FDDE6A700DB82DA /* DecibelManager.swift */; };
		2C4F34B61FDDE6A800DB82DA /* Trackers.swift in Sources */ = {isa = PBXBuildFile; fileRef = 2C4F34B01FDDE6A700DB82DA /* Trackers.swift */; };
		2C4F34B71FDDE6A800DB82DA /* DynamicsAnalayzer.swift in Sources */ = {isa = PBXBuildFile; fileRef = 2C4F34B11FDDE6A700DB82DA /* DynamicsAnalayzer.swift */; };
		2C4F34BB1FDDE6C200DB82DA /* MeterBarView.swift in Sources */ = {isa = PBXBuildFile; fileRef = 2C4F34B81FDDE6C100DB82DA /* MeterBarView.swift */; };
		2C4F34BC1FDDE6C200DB82DA /* MeterView.swift in Sources */ = {isa = PBXBuildFile; fileRef = 2C4F34B91FDDE6C100DB82DA /* MeterView.swift */; };
		2C4F34BD1FDDE6C200DB82DA /* MeterTicksView.swift in Sources */ = {isa = PBXBuildFile; fileRef = 2C4F34BA1FDDE6C200DB82DA /* MeterTicksView.swift */; };
		2CBF50B41FDD3D9C000168FA /* AppDelegate.swift in Sources */ = {isa = PBXBuildFile; fileRef = 2CBF50B31FDD3D9C000168FA /* AppDelegate.swift */; };
		2CBF50B91FDD3D9C000168FA /* Main.storyboard in Resources */ = {isa = PBXBuildFile; fileRef = 2CBF50B71FDD3D9C000168FA /* Main.storyboard */; };
		2CBF50BB1FDD3D9C000168FA /* Assets.xcassets in Resources */ = {isa = PBXBuildFile; fileRef = 2CBF50BA1FDD3D9C000168FA /* Assets.xcassets */; };
		2CBF50BE1FDD3D9C000168FA /* LaunchScreen.storyboard in Resources */ = {isa = PBXBuildFile; fileRef = 2CBF50BC1FDD3D9C000168FA /* LaunchScreen.storyboard */; };
		2CBF50C61FDD3E35000168FA /* AudioController.swift in Sources */ = {isa = PBXBuildFile; fileRef = 2CBF50C51FDD3E35000168FA /* AudioController.swift */; };
		2CBF50CC1FDD451F000168FA /* DynamicsViewController.swift in Sources */ = {isa = PBXBuildFile; fileRef = 2CBF50CB1FDD451F000168FA /* DynamicsViewController.swift */; };
		2CBF50CE1FDD4580000168FA /* SpectrumViewController.swift in Sources */ = {isa = PBXBuildFile; fileRef = 2CBF50CD1FDD4580000168FA /* SpectrumViewController.swift */; };
		2CBF50D01FDD459E000168FA /* StereoViewController.swift in Sources */ = {isa = PBXBuildFile; fileRef = 2CBF50CF1FDD459E000168FA /* StereoViewController.swift */; };
		2CBF50D21FDD45BD000168FA /* TransferFunctionViewController.swift in Sources */ = {isa = PBXBuildFile; fileRef = 2CBF50D11FDD45BD000168FA /* TransferFunctionViewController.swift */; };
		2CBF50D51FDD4608000168FA /* ConfigViewController.swift in Sources */ = {isa = PBXBuildFile; fileRef = 2CBF50D41FDD4608000168FA /* ConfigViewController.swift */; };
		2CBF50D71FDD6A11000168FA /* AnalyzerViewController.swift in Sources */ = {isa = PBXBuildFile; fileRef = 2CBF50D61FDD6A11000168FA /* AnalyzerViewController.swift */; };
		2CBF50D91FDD6A6C000168FA /* AudioAnalyzer.swift in Sources */ = {isa = PBXBuildFile; fileRef = 2CBF50D81FDD6A6C000168FA /* AudioAnalyzer.swift */; };
/* End PBXBuildFile section */

/* Begin PBXFileReference section */
		2C4F34AC1FDDE6A600DB82DA /* BaseTracker.swift */ = {isa = PBXFileReference; fileEncoding = 4; lastKnownFileType = sourcecode.swift; path = BaseTracker.swift; sourceTree = "<group>"; };
		2C4F34AD1FDDE6A600DB82DA /* Holders.swift */ = {isa = PBXFileReference; fileEncoding = 4; lastKnownFileType = sourcecode.swift; path = Holders.swift; sourceTree = "<group>"; };
		2C4F34AE1FDDE6A700DB82DA /* Meter.swift */ = {isa = PBXFileReference; fileEncoding = 4; lastKnownFileType = sourcecode.swift; path = Meter.swift; sourceTree = "<group>"; };
		2C4F34AF1FDDE6A700DB82DA /* DecibelManager.swift */ = {isa = PBXFileReference; fileEncoding = 4; lastKnownFileType = sourcecode.swift; path = DecibelManager.swift; sourceTree = "<group>"; };
		2C4F34B01FDDE6A700DB82DA /* Trackers.swift */ = {isa = PBXFileReference; fileEncoding = 4; lastKnownFileType = sourcecode.swift; path = Trackers.swift; sourceTree = "<group>"; };
		2C4F34B11FDDE6A700DB82DA /* DynamicsAnalayzer.swift */ = {isa = PBXFileReference; fileEncoding = 4; lastKnownFileType = sourcecode.swift; path = DynamicsAnalayzer.swift; sourceTree = "<group>"; };
		2C4F34B81FDDE6C100DB82DA /* MeterBarView.swift */ = {isa = PBXFileReference; fileEncoding = 4; lastKnownFileType = sourcecode.swift; path = MeterBarView.swift; sourceTree = "<group>"; };
		2C4F34B91FDDE6C100DB82DA /* MeterView.swift */ = {isa = PBXFileReference; fileEncoding = 4; lastKnownFileType = sourcecode.swift; path = MeterView.swift; sourceTree = "<group>"; };
		2C4F34BA1FDDE6C200DB82DA /* MeterTicksView.swift */ = {isa = PBXFileReference; fileEncoding = 4; lastKnownFileType = sourcecode.swift; path = MeterTicksView.swift; sourceTree = "<group>"; };
		2CBF50B01FDD3D9C000168FA /* ProAudioAnalyzer.app */ = {isa = PBXFileReference; explicitFileType = wrapper.application; includeInIndex = 0; path = ProAudioAnalyzer.app; sourceTree = BUILT_PRODUCTS_DIR; };
		2CBF50B31FDD3D9C000168FA /* AppDelegate.swift */ = {isa = PBXFileReference; lastKnownFileType = sourcecode.swift; path = AppDelegate.swift; sourceTree = "<group>"; };
		2CBF50B81FDD3D9C000168FA /* Base */ = {isa = PBXFileReference; lastKnownFileType = file.storyboard; name = Base; path = Base.lproj/Main.storyboard; sourceTree = "<group>"; };
		2CBF50BA1FDD3D9C000168FA /* Assets.xcassets */ = {isa = PBXFileReference; lastKnownFileType = folder.assetcatalog; path = Assets.xcassets; sourceTree = "<group>"; };
		2CBF50BD1FDD3D9C000168FA /* Base */ = {isa = PBXFileReference; lastKnownFileType = file.storyboard; name = Base; path = Base.lproj/LaunchScreen.storyboard; sourceTree = "<group>"; };
		2CBF50BF1FDD3D9C000168FA /* Info.plist */ = {isa = PBXFileReference; lastKnownFileType = text.plist.xml; path = Info.plist; sourceTree = "<group>"; };
		2CBF50C51FDD3E35000168FA /* AudioController.swift */ = {isa = PBXFileReference; fileEncoding = 4; lastKnownFileType = sourcecode.swift; path = AudioController.swift; sourceTree = "<group>"; };
		2CBF50CB1FDD451F000168FA /* DynamicsViewController.swift */ = {isa = PBXFileReference; lastKnownFileType = sourcecode.swift; path = DynamicsViewController.swift; sourceTree = "<group>"; };
		2CBF50CD1FDD4580000168FA /* SpectrumViewController.swift */ = {isa = PBXFileReference; lastKnownFileType = sourcecode.swift; path = SpectrumViewController.swift; sourceTree = "<group>"; };
		2CBF50CF1FDD459E000168FA /* StereoViewController.swift */ = {isa = PBXFileReference; lastKnownFileType = sourcecode.swift; path = StereoViewController.swift; sourceTree = "<group>"; };
		2CBF50D11FDD45BD000168FA /* TransferFunctionViewController.swift */ = {isa = PBXFileReference; lastKnownFileType = sourcecode.swift; path = TransferFunctionViewController.swift; sourceTree = "<group>"; };
		2CBF50D41FDD4608000168FA /* ConfigViewController.swift */ = {isa = PBXFileReference; lastKnownFileType = sourcecode.swift; path = ConfigViewController.swift; sourceTree = "<group>"; };
		2CBF50D61FDD6A11000168FA /* AnalyzerViewController.swift */ = {isa = PBXFileReference; lastKnownFileType = sourcecode.swift; name = AnalyzerViewController.swift; path = ProAudioAnalyzer/AnalyzerViewController.swift; sourceTree = SOURCE_ROOT; };
		2CBF50D81FDD6A6C000168FA /* AudioAnalyzer.swift */ = {isa = PBXFileReference; lastKnownFileType = sourcecode.swift; name = AudioAnalyzer.swift; path = ProAudioAnalyzer/AudioAnalyzer.swift; sourceTree = SOURCE_ROOT; };
/* End PBXFileReference section */

/* Begin PBXFrameworksBuildPhase section */
		2CBF50AD1FDD3D9C000168FA /* Frameworks */ = {
			isa = PBXFrameworksBuildPhase;
			buildActionMask = 2147483647;
			files = (
			);
			runOnlyForDeploymentPostprocessing = 0;
		};
/* End PBXFrameworksBuildPhase section */

/* Begin PBXGroup section */
		2C4F34A81FDDE67900DB82DA /* DSP */ = {
			isa = PBXGroup;
			children = (
				2C4F34AC1FDDE6A600DB82DA /* BaseTracker.swift */,
				2C4F34AF1FDDE6A700DB82DA /* DecibelManager.swift */,
				2C4F34B11FDDE6A700DB82DA /* DynamicsAnalayzer.swift */,
				2C4F34AD1FDDE6A600DB82DA /* Holders.swift */,
				2C4F34AE1FDDE6A700DB82DA /* Meter.swift */,
				2C4F34B01FDDE6A700DB82DA /* Trackers.swift */,
			);
			path = DSP;
			sourceTree = "<group>";
		};
		2C4F34A91FDDE68100DB82DA /* DSP */ = {
			isa = PBXGroup;
			children = (
			);
			path = DSP;
			sourceTree = "<group>";
		};
		2C4F34AA1FDDE68400DB82DA /* DSP */ = {
			isa = PBXGroup;
			children = (
			);
			path = DSP;
			sourceTree = "<group>";
		};
		2C4F34AB1FDDE68E00DB82DA /* DSP */ = {
			isa = PBXGroup;
			children = (
			);
			path = DSP;
			sourceTree = "<group>";
		};
		2CBF50A71FDD3D9B000168FA = {
			isa = PBXGroup;
			children = (
				2CBF50B21FDD3D9C000168FA /* ProAudioAnalyzer */,
				2CBF50B11FDD3D9C000168FA /* Products */,
			);
			sourceTree = "<group>";
		};
		2CBF50B11FDD3D9C000168FA /* Products */ = {
			isa = PBXGroup;
			children = (
				2CBF50B01FDD3D9C000168FA /* ProAudioAnalyzer.app */,
			);
			name = Products;
			sourceTree = "<group>";
		};
		2CBF50B21FDD3D9C000168FA /* ProAudioAnalyzer */ = {
			isa = PBXGroup;
			children = (
				2CBF50C51FDD3E35000168FA /* AudioController.swift */,
				2CBF50B31FDD3D9C000168FA /* AppDelegate.swift */,
				2CBF50D61FDD6A11000168FA /* AnalyzerViewController.swift */,
				2CBF50D81FDD6A6C000168FA /* AudioAnalyzer.swift */,
				2CBF50C71FDD3E8B000168FA /* Dynamics */,
				2CBF50C81FDD3E91000168FA /* Spectrum */,
				2CBF50C91FDD3E9B000168FA /* StereoImage */,
				2CBF50CA1FDD3EAE000168FA /* TransferFunction */,
				2CBF50D31FDD45C7000168FA /* Config */,
				2CBF50B71FDD3D9C000168FA /* Main.storyboard */,
				2CBF50BA1FDD3D9C000168FA /* Assets.xcassets */,
				2CBF50BC1FDD3D9C000168FA /* LaunchScreen.storyboard */,
				2CBF50BF1FDD3D9C000168FA /* Info.plist */,
			);
			path = ProAudioAnalyzer;
			sourceTree = "<group>";
		};
		2CBF50C71FDD3E8B000168FA /* Dynamics */ = {
			isa = PBXGroup;
			children = (
				2CBF50CB1FDD451F000168FA /* DynamicsViewController.swift */,
				2C4F34B81FDDE6C100DB82DA /* MeterBarView.swift */,
				2C4F34BA1FDDE6C200DB82DA /* MeterTicksView.swift */,
				2C4F34B91FDDE6C100DB82DA /* MeterView.swift */,
				2C4F34A81FDDE67900DB82DA /* DSP */,
			);
			path = Dynamics;
			sourceTree = "<group>";
		};
		2CBF50C81FDD3E91000168FA /* Spectrum */ = {
			isa = PBXGroup;
			children = (
				2CBF50CD1FDD4580000168FA /* SpectrumViewController.swift */,
				2C4F34A91FDDE68100DB82DA /* DSP */,
			);
			path = Spectrum;
			sourceTree = "<group>";
		};
		2CBF50C91FDD3E9B000168FA /* StereoImage */ = {
			isa = PBXGroup;
			children = (
				2CBF50CF1FDD459E000168FA /* StereoViewController.swift */,
				2C4F34AA1FDDE68400DB82DA /* DSP */,
			);
			path = StereoImage;
			sourceTree = "<group>";
		};
		2CBF50CA1FDD3EAE000168FA /* TransferFunction */ = {
			isa = PBXGroup;
			children = (
				2CBF50D11FDD45BD000168FA /* TransferFunctionViewController.swift */,
				2C4F34AB1FDDE68E00DB82DA /* DSP */,
			);
			path = TransferFunction;
			sourceTree = "<group>";
		};
		2CBF50D31FDD45C7000168FA /* Config */ = {
			isa = PBXGroup;
			children = (
				2CBF50D41FDD4608000168FA /* ConfigViewController.swift */,
			);
			path = Config;
			sourceTree = "<group>";
		};
/* End PBXGroup section */

/* Begin PBXNativeTarget section */
		2CBF50AF1FDD3D9C000168FA /* ProAudioAnalyzer */ = {
			isa = PBXNativeTarget;
			buildConfigurationList = 2CBF50C21FDD3D9C000168FA /* Build configuration list for PBXNativeTarget "ProAudioAnalyzer" */;
			buildPhases = (
				2CBF50AC1FDD3D9C000168FA /* Sources */,
				2CBF50AD1FDD3D9C000168FA /* Frameworks */,
				2CBF50AE1FDD3D9C000168FA /* Resources */,
			);
			buildRules = (
			);
			dependencies = (
			);
			name = ProAudioAnalyzer;
			productName = ProAudioAnalyzer;
			productReference = 2CBF50B01FDD3D9C000168FA /* ProAudioAnalyzer.app */;
			productType = "com.apple.product-type.application";
		};
/* End PBXNativeTarget section */

/* Begin PBXProject section */
		2CBF50A81FDD3D9B000168FA /* Project object */ = {
			isa = PBXProject;
			attributes = {
				LastSwiftUpdateCheck = 0910;
				LastUpgradeCheck = 0910;
				ORGANIZATIONNAME = JuanSaudio;
				TargetAttributes = {
					2CBF50AF1FDD3D9C000168FA = {
						CreatedOnToolsVersion = 9.1;
						ProvisioningStyle = Automatic;
					};
				};
			};
			buildConfigurationList = 2CBF50AB1FDD3D9B000168FA /* Build configuration list for PBXProject "ProAudioAnalyzer" */;
			compatibilityVersion = "Xcode 8.0";
			developmentRegion = en;
			hasScannedForEncodings = 0;
			knownRegions = (
				en,
				Base,
			);
			mainGroup = 2CBF50A71FDD3D9B000168FA;
			productRefGroup = 2CBF50B11FDD3D9C000168FA /* Products */;
			projectDirPath = "";
			projectRoot = "";
			targets = (
				2CBF50AF1FDD3D9C000168FA /* ProAudioAnalyzer */,
			);
		};
/* End PBXProject section */

/* Begin PBXResourcesBuildPhase section */
		2CBF50AE1FDD3D9C000168FA /* Resources */ = {
			isa = PBXResourcesBuildPhase;
			buildActionMask = 2147483647;
			files = (
				2CBF50BE1FDD3D9C000168FA /* LaunchScreen.storyboard in Resources */,
				2CBF50BB1FDD3D9C000168FA /* Assets.xcassets in Resources */,
				2CBF50B91FDD3D9C000168FA /* Main.storyboard in Resources */,
			);
			runOnlyForDeploymentPostprocessing = 0;
		};
/* End PBXResourcesBuildPhase section */

/* Begin PBXSourcesBuildPhase section */
		2CBF50AC1FDD3D9C000168FA /* Sources */ = {
			isa = PBXSourcesBuildPhase;
			buildActionMask = 2147483647;
			files = (
				2C4F34B51FDDE6A800DB82DA /* DecibelManager.swift in Sources */,
				2C4F34BC1FDDE6C200DB82DA /* MeterView.swift in Sources */,
				2CBF50D01FDD459E000168FA /* StereoViewController.swift in Sources */,
				2C4F34BD1FDDE6C200DB82DA /* MeterTicksView.swift in Sources */,
				2C4F34B61FDDE6A800DB82DA /* Trackers.swift in Sources */,
				2CBF50D51FDD4608000168FA /* ConfigViewController.swift in Sources */,
				2CBF50C61FDD3E35000168FA /* AudioController.swift in Sources */,
				2C4F34B41FDDE6A800DB82DA /* Meter.swift in Sources */,
				2CBF50CC1FDD451F000168FA /* DynamicsViewController.swift in Sources */,
				2C4F34B31FDDE6A800DB82DA /* Holders.swift in Sources */,
				2CBF50D91FDD6A6C000168FA /* AudioAnalyzer.swift in Sources */,
				2C4F34B21FDDE6A800DB82DA /* BaseTracker.swift in Sources */,
				2C4F34BB1FDDE6C200DB82DA /* MeterBarView.swift in Sources */,
				2CBF50B41FDD3D9C000168FA /* AppDelegate.swift in Sources */,
				2CBF50D71FDD6A11000168FA /* AnalyzerViewController.swift in Sources */,
				2CBF50D21FDD45BD000168FA /* TransferFunctionViewController.swift in Sources */,
				2C4F34B71FDDE6A800DB82DA /* DynamicsAnalayzer.swift in Sources */,
				2CBF50CE1FDD4580000168FA /* SpectrumViewController.swift in Sources */,
			);
			runOnlyForDeploymentPostprocessing = 0;
		};
/* End PBXSourcesBuildPhase section */

/* Begin PBXVariantGroup section */
		2CBF50B71FDD3D9C000168FA /* Main.storyboard */ = {
			isa = PBXVariantGroup;
			children = (
				2CBF50B81FDD3D9C000168FA /* Base */,
			);
			name = Main.storyboard;
			sourceTree = "<group>";
		};
		2CBF50BC1FDD3D9C000168FA /* LaunchScreen.storyboard */ = {
			isa = PBXVariantGroup;
			children = (
				2CBF50BD1FDD3D9C000168FA /* Base */,
			);
			name = LaunchScreen.storyboard;
			sourceTree = "<group>";
		};
/* End PBXVariantGroup section */

/* Begin XCBuildConfiguration section */
		2CBF50C01FDD3D9C000168FA /* Debug */ = {
			isa = XCBuildConfiguration;
			buildSettings = {
				ALWAYS_SEARCH_USER_PATHS = NO;
				CLANG_ANALYZER_NONNULL = YES;
				CLANG_ANALYZER_NUMBER_OBJECT_CONVERSION = YES_AGGRESSIVE;
				CLANG_CXX_LANGUAGE_STANDARD = "gnu++14";
				CLANG_CXX_LIBRARY = "libc++";
				CLANG_ENABLE_MODULES = YES;
				CLANG_ENABLE_OBJC_ARC = YES;
				CLANG_WARN_BLOCK_CAPTURE_AUTORELEASING = YES;
				CLANG_WARN_BOOL_CONVERSION = YES;
				CLANG_WARN_COMMA = YES;
				CLANG_WARN_CONSTANT_CONVERSION = YES;
				CLANG_WARN_DIRECT_OBJC_ISA_USAGE = YES_ERROR;
				CLANG_WARN_DOCUMENTATION_COMMENTS = YES;
				CLANG_WARN_EMPTY_BODY = YES;
				CLANG_WARN_ENUM_CONVERSION = YES;
				CLANG_WARN_INFINITE_RECURSION = YES;
				CLANG_WARN_INT_CONVERSION = YES;
				CLANG_WARN_NON_LITERAL_NULL_CONVERSION = YES;
				CLANG_WARN_OBJC_LITERAL_CONVERSION = YES;
				CLANG_WARN_OBJC_ROOT_CLASS = YES_ERROR;
				CLANG_WARN_RANGE_LOOP_ANALYSIS = YES;
				CLANG_WARN_STRICT_PROTOTYPES = YES;
				CLANG_WARN_SUSPICIOUS_MOVE = YES;
				CLANG_WARN_UNGUARDED_AVAILABILITY = YES_AGGRESSIVE;
				CLANG_WARN_UNREACHABLE_CODE = YES;
				CLANG_WARN__DUPLICATE_METHOD_MATCH = YES;
				CODE_SIGN_IDENTITY = "iPhone Developer";
				COPY_PHASE_STRIP = NO;
				DEBUG_INFORMATION_FORMAT = dwarf;
				ENABLE_STRICT_OBJC_MSGSEND = YES;
				ENABLE_TESTABILITY = YES;
				GCC_C_LANGUAGE_STANDARD = gnu11;
				GCC_DYNAMIC_NO_PIC = NO;
				GCC_NO_COMMON_BLOCKS = YES;
				GCC_OPTIMIZATION_LEVEL = 0;
				GCC_PREPROCESSOR_DEFINITIONS = (
					"DEBUG=1",
					"$(inherited)",
				);
				GCC_WARN_64_TO_32_BIT_CONVERSION = YES;
				GCC_WARN_ABOUT_RETURN_TYPE = YES_ERROR;
				GCC_WARN_UNDECLARED_SELECTOR = YES;
				GCC_WARN_UNINITIALIZED_AUTOS = YES_AGGRESSIVE;
				GCC_WARN_UNUSED_FUNCTION = YES;
				GCC_WARN_UNUSED_VARIABLE = YES;
				IPHONEOS_DEPLOYMENT_TARGET = 11.1;
				MTL_ENABLE_DEBUG_INFO = YES;
				ONLY_ACTIVE_ARCH = YES;
				SDKROOT = iphoneos;
				SWIFT_ACTIVE_COMPILATION_CONDITIONS = DEBUG;
				SWIFT_OPTIMIZATION_LEVEL = "-Onone";
			};
			name = Debug;
		};
		2CBF50C11FDD3D9C000168FA /* Release */ = {
			isa = XCBuildConfiguration;
			buildSettings = {
				ALWAYS_SEARCH_USER_PATHS = NO;
				CLANG_ANALYZER_NONNULL = YES;
				CLANG_ANALYZER_NUMBER_OBJECT_CONVERSION = YES_AGGRESSIVE;
				CLANG_CXX_LANGUAGE_STANDARD = "gnu++14";
				CLANG_CXX_LIBRARY = "libc++";
				CLANG_ENABLE_MODULES = YES;
				CLANG_ENABLE_OBJC_ARC = YES;
				CLANG_WARN_BLOCK_CAPTURE_AUTORELEASING = YES;
				CLANG_WARN_BOOL_CONVERSION = YES;
				CLANG_WARN_COMMA = YES;
				CLANG_WARN_CONSTANT_CONVERSION = YES;
				CLANG_WARN_DIRECT_OBJC_ISA_USAGE = YES_ERROR;
				CLANG_WARN_DOCUMENTATION_COMMENTS = YES;
				CLANG_WARN_EMPTY_BODY = YES;
				CLANG_WARN_ENUM_CONVERSION = YES;
				CLANG_WARN_INFINITE_RECURSION = YES;
				CLANG_WARN_INT_CONVERSION = YES;
				CLANG_WARN_NON_LITERAL_NULL_CONVERSION = YES;
				CLANG_WARN_OBJC_LITERAL_CONVERSION = YES;
				CLANG_WARN_OBJC_ROOT_CLASS = YES_ERROR;
				CLANG_WARN_RANGE_LOOP_ANALYSIS = YES;
				CLANG_WARN_STRICT_PROTOTYPES = YES;
				CLANG_WARN_SUSPICIOUS_MOVE = YES;
				CLANG_WARN_UNGUARDED_AVAILABILITY = YES_AGGRESSIVE;
				CLANG_WARN_UNREACHABLE_CODE = YES;
				CLANG_WARN__DUPLICATE_METHOD_MATCH = YES;
				CODE_SIGN_IDENTITY = "iPhone Developer";
				COPY_PHASE_STRIP = NO;
				DEBUG_INFORMATION_FORMAT = "dwarf-with-dsym";
				ENABLE_NS_ASSERTIONS = NO;
				ENABLE_STRICT_OBJC_MSGSEND = YES;
				GCC_C_LANGUAGE_STANDARD = gnu11;
				GCC_NO_COMMON_BLOCKS = YES;
				GCC_WARN_64_TO_32_BIT_CONVERSION = YES;
				GCC_WARN_ABOUT_RETURN_TYPE = YES_ERROR;
				GCC_WARN_UNDECLARED_SELECTOR = YES;
				GCC_WARN_UNINITIALIZED_AUTOS = YES_AGGRESSIVE;
				GCC_WARN_UNUSED_FUNCTION = YES;
				GCC_WARN_UNUSED_VARIABLE = YES;
				IPHONEOS_DEPLOYMENT_TARGET = 11.1;
				MTL_ENABLE_DEBUG_INFO = NO;
				SDKROOT = iphoneos;
				SWIFT_OPTIMIZATION_LEVEL = "-Owholemodule";
				VALIDATE_PRODUCT = YES;
			};
			name = Release;
		};
		2CBF50C31FDD3D9C000168FA /* Debug */ = {
			isa = XCBuildConfiguration;
			buildSettings = {
				ASSETCATALOG_COMPILER_APPICON_NAME = AppIcon;
				CODE_SIGN_STYLE = Automatic;
				DEVELOPMENT_TEAM = E7GU64QC9B;
				INFOPLIST_FILE = ProAudioAnalyzer/Info.plist;
				LD_RUNPATH_SEARCH_PATHS = "$(inherited) @executable_path/Frameworks";
				PRODUCT_BUNDLE_IDENTIFIER = com.JuanSaudio.ProAudioAnalyzer;
				PRODUCT_NAME = "$(TARGET_NAME)";
				SWIFT_VERSION = 4.0;
				TARGETED_DEVICE_FAMILY = "1,2";
			};
			name = Debug;
		};
		2CBF50C41FDD3D9C000168FA /* Release */ = {
			isa = XCBuildConfiguration;
			buildSettings = {
				ASSETCATALOG_COMPILER_APPICON_NAME = AppIcon;
				CODE_SIGN_STYLE = Automatic;
				DEVELOPMENT_TEAM = E7GU64QC9B;
				INFOPLIST_FILE = ProAudioAnalyzer/Info.plist;
				LD_RUNPATH_SEARCH_PATHS = "$(inherited) @executable_path/Frameworks";
				PRODUCT_BUNDLE_IDENTIFIER = com.JuanSaudio.ProAudioAnalyzer;
				PRODUCT_NAME = "$(TARGET_NAME)";
				SWIFT_VERSION = 4.0;
				TARGETED_DEVICE_FAMILY = "1,2";
			};
			name = Release;
		};
/* End XCBuildConfiguration section */

/* Begin XCConfigurationList section */
		2CBF50AB1FDD3D9B000168FA /* Build configuration list for PBXProject "ProAudioAnalyzer" */ = {
			isa = XCConfigurationList;
			buildConfigurations = (
				2CBF50C01FDD3D9C000168FA /* Debug */,
				2CBF50C11FDD3D9C000168FA /* Release */,
			);
			defaultConfigurationIsVisible = 0;
			defaultConfigurationName = Release;
		};
		2CBF50C21FDD3D9C000168FA /* Build configuration list for PBXNativeTarget "ProAudioAnalyzer" */ = {
			isa = XCConfigurationList;
			buildConfigurations = (
				2CBF50C31FDD3D9C000168FA /* Debug */,
				2CBF50C41FDD3D9C000168FA /* Release */,
			);
			defaultConfigurationIsVisible = 0;
			defaultConfigurationName = Release;
		};
/* End XCConfigurationList section */
	};
	rootObject = 2CBF50A81FDD3D9B000168FA /* Project object */;
}
